
Microsoft Visual Studio Solution File, Format Version 12.00
# Visual Studio Version 17
VisualStudioVersion = 17.0.31903.59
MinimumVisualStudioVersion = 10.0.40219.1
Project("{2150E333-8FDC-42A3-9474-1A3956D46DE8}") = "src", "src", "{827E0CD3-B72D-47B6-A68D-7590B98EB39B}"
EndProject
Project("{FAE04EC0-301F-11D3-BF4B-00C04F79EFBC}") = "QuizApp.Domain", "src\QuizApp.Domain\QuizApp.Domain.csproj", "{307BFE59-BD77-4004-83B9-1F2EBE969B1B}"
EndProject
Project("{FAE04EC0-301F-11D3-BF4B-00C04F79EFBC}") = "QuizApp.Application", "src\QuizApp.Application\QuizApp.Application.csproj", "{267BCAD3-2992-410E-8BFA-ED699C88AF62}"
EndProject
Project("{FAE04EC0-301F-11D3-BF4B-00C04F79EFBC}") = "QuizApp.Infrastructure", "src\QuizApp.Infrastructure\QuizApp.Infrastructure.csproj", "{30D412B9-2190-4697-ABD3-948EFD9CE58B}"
EndProject
Project("{FAE04EC0-301F-11D3-BF4B-00C04F79EFBC}") = "QuizApp.Api", "src\QuizApp.Api\QuizApp.Api.csproj", "{D9D63A40-7994-4DA4-A6F8-C025BC11F48B}"
EndProject
Project("{2150E333-8FDC-42A3-9474-1A3956D46DE8}") = "tests", "tests", "{0AB3BF05-4346-4AA6-1389-037BE0695223}"
EndProject
Project("{FAE04EC0-301F-11D3-BF4B-00C04F79EFBC}") = "QuizApp.Api.IntegrationTests", "tests\QuizApp.Api.IntegrationTests\QuizApp.Api.IntegrationTests.csproj", "{592E0D5A-D3D3-4B38-B520-D74BEE5475B9}"
EndProject
Project("{FAE04EC0-301F-11D3-BF4B-00C04F79EFBC}") = "QuizApp.Application.Tests", "tests\QuizApp.Application.Tests\QuizApp.Application.Tests.csproj", "{EA9695E6-FB6F-439C-B359-EF185D7688BA}"
EndProject
Global
	GlobalSection(SolutionConfigurationPlatforms) = preSolution
		Debug|Any CPU = Debug|Any CPU
		Debug|x64 = Debug|x64
		Debug|x86 = Debug|x86
		Release|Any CPU = Release|Any CPU
		Release|x64 = Release|x64
		Release|x86 = Release|x86
	EndGlobalSection
	GlobalSection(ProjectConfigurationPlatforms) = postSolution
		{307BFE59-BD77-4004-83B9-1F2EBE969B1B}.Debug|Any CPU.ActiveCfg = Debug|Any CPU
		{307BFE59-BD77-4004-83B9-1F2EBE969B1B}.Debug|Any CPU.Build.0 = Debug|Any CPU
		{307BFE59-BD77-4004-83B9-1F2EBE969B1B}.Debug|x64.ActiveCfg = Debug|Any CPU
		{307BFE59-BD77-4004-83B9-1F2EBE969B1B}.Debug|x64.Build.0 = Debug|Any CPU
		{307BFE59-BD77-4004-83B9-1F2EBE969B1B}.Debug|x86.ActiveCfg = Debug|Any CPU
		{307BFE59-BD77-4004-83B9-1F2EBE969B1B}.Debug|x86.Build.0 = Debug|Any CPU
		{307BFE59-BD77-4004-83B9-1F2EBE969B1B}.Release|Any CPU.ActiveCfg = Release|Any CPU
		{307BFE59-BD77-4004-83B9-1F2EBE969B1B}.Release|Any CPU.Build.0 = Release|Any CPU
		{307BFE59-BD77-4004-83B9-1F2EBE969B1B}.Release|x64.ActiveCfg = Release|Any CPU
		{307BFE59-BD77-4004-83B9-1F2EBE969B1B}.Release|x64.Build.0 = Release|Any CPU
		{307BFE59-BD77-4004-83B9-1F2EBE969B1B}.Release|x86.ActiveCfg = Release|Any CPU
		{307BFE59-BD77-4004-83B9-1F2EBE969B1B}.Release|x86.Build.0 = Release|Any CPU
		{267BCAD3-2992-410E-8BFA-ED699C88AF62}.Debug|Any CPU.ActiveCfg = Debug|Any CPU
		{267BCAD3-2992-410E-8BFA-ED699C88AF62}.Debug|Any CPU.Build.0 = Debug|Any CPU
		{267BCAD3-2992-410E-8BFA-ED699C88AF62}.Debug|x64.ActiveCfg = Debug|Any CPU
		{267BCAD3-2992-410E-8BFA-ED699C88AF62}.Debug|x64.Build.0 = Debug|Any CPU
		{267BCAD3-2992-410E-8BFA-ED699C88AF62}.Debug|x86.ActiveCfg = Debug|Any CPU
		{267BCAD3-2992-410E-8BFA-ED699C88AF62}.Debug|x86.Build.0 = Debug|Any CPU
		{267BCAD3-2992-410E-8BFA-ED699C88AF62}.Release|Any CPU.ActiveCfg = Release|Any CPU
		{267BCAD3-2992-410E-8BFA-ED699C88AF62}.Release|Any CPU.Build.0 = Release|Any CPU
		{267BCAD3-2992-410E-8BFA-ED699C88AF62}.Release|x64.ActiveCfg = Release|Any CPU
		{267BCAD3-2992-410E-8BFA-ED699C88AF62}.Release|x64.Build.0 = Release|Any CPU
		{267BCAD3-2992-410E-8BFA-ED699C88AF62}.Release|x86.ActiveCfg = Release|Any CPU
		{267BCAD3-2992-410E-8BFA-ED699C88AF62}.Release|x86.Build.0 = Release|Any CPU
		{30D412B9-2190-4697-ABD3-948EFD9CE58B}.Debug|Any CPU.ActiveCfg = Debug|Any CPU
		{30D412B9-2190-4697-ABD3-948EFD9CE58B}.Debug|Any CPU.Build.0 = Debug|Any CPU
		{30D412B9-2190-4697-ABD3-948EFD9CE58B}.Debug|x64.ActiveCfg = Debug|Any CPU
		{30D412B9-2190-4697-ABD3-948EFD9CE58B}.Debug|x64.Build.0 = Debug|Any CPU
		{30D412B9-2190-4697-ABD3-948EFD9CE58B}.Debug|x86.ActiveCfg = Debug|Any CPU
		{30D412B9-2190-4697-ABD3-948EFD9CE58B}.Debug|x86.Build.0 = Debug|Any CPU
		{30D412B9-2190-4697-ABD3-948EFD9CE58B}.Release|Any CPU.ActiveCfg = Release|Any CPU
		{30D412B9-2190-4697-ABD3-948EFD9CE58B}.Release|Any CPU.Build.0 = Release|Any CPU
		{30D412B9-2190-4697-ABD3-948EFD9CE58B}.Release|x64.ActiveCfg = Release|Any CPU
		{30D412B9-2190-4697-ABD3-948EFD9CE58B}.Release|x64.Build.0 = Release|Any CPU
		{30D412B9-2190-4697-ABD3-948EFD9CE58B}.Release|x86.ActiveCfg = Release|Any CPU
		{30D412B9-2190-4697-ABD3-948EFD9CE58B}.Release|x86.Build.0 = Release|Any CPU
		{D9D63A40-7994-4DA4-A6F8-C025BC11F48B}.Debug|Any CPU.ActiveCfg = Debug|Any CPU
		{D9D63A40-7994-4DA4-A6F8-C025BC11F48B}.Debug|Any CPU.Build.0 = Debug|Any CPU
		{D9D63A40-7994-4DA4-A6F8-C025BC11F48B}.Debug|x64.ActiveCfg = Debug|Any CPU
		{D9D63A40-7994-4DA4-A6F8-C025BC11F48B}.Debug|x64.Build.0 = Debug|Any CPU
		{D9D63A40-7994-4DA4-A6F8-C025BC11F48B}.Debug|x86.ActiveCfg = Debug|Any CPU
		{D9D63A40-7994-4DA4-A6F8-C025BC11F48B}.Debug|x86.Build.0 = Debug|Any CPU
		{D9D63A40-7994-4DA4-A6F8-C025BC11F48B}.Release|Any CPU.ActiveCfg = Release|Any CPU
		{D9D63A40-7994-4DA4-A6F8-C025BC11F48B}.Release|Any CPU.Build.0 = Release|Any CPU
		{D9D63A40-7994-4DA4-A6F8-C025BC11F48B}.Release|x64.ActiveCfg = Release|Any CPU
		{D9D63A40-7994-4DA4-A6F8-C025BC11F48B}.Release|x64.Build.0 = Release|Any CPU
		{D9D63A40-7994-4DA4-A6F8-C025BC11F48B}.Release|x86.ActiveCfg = Release|Any CPU
		{D9D63A40-7994-4DA4-A6F8-C025BC11F48B}.Release|x86.Build.0 = Release|Any CPU
		{592E0D5A-D3D3-4B38-B520-D74BEE5475B9}.Debug|Any CPU.ActiveCfg = Debug|Any CPU
		{592E0D5A-D3D3-4B38-B520-D74BEE5475B9}.Debug|Any CPU.Build.0 = Debug|Any CPU
		{592E0D5A-D3D3-4B38-B520-D74BEE5475B9}.Debug|x64.ActiveCfg = Debug|Any CPU
		{592E0D5A-D3D3-4B38-B520-D74BEE5475B9}.Debug|x64.Build.0 = Debug|Any CPU
		{592E0D5A-D3D3-4B38-B520-D74BEE5475B9}.Debug|x86.ActiveCfg = Debug|Any CPU
		{592E0D5A-D3D3-4B38-B520-D74BEE5475B9}.Debug|x86.Build.0 = Debug|Any CPU
		{592E0D5A-D3D3-4B38-B520-D74BEE5475B9}.Release|Any CPU.ActiveCfg = Release|Any CPU
		{592E0D5A-D3D3-4B38-B520-D74BEE5475B9}.Release|Any CPU.Build.0 = Release|Any CPU
		{592E0D5A-D3D3-4B38-B520-D74BEE5475B9}.Release|x64.ActiveCfg = Release|Any CPU
		{592E0D5A-D3D3-4B38-B520-D74BEE5475B9}.Release|x64.Build.0 = Release|Any CPU
		{592E0D5A-D3D3-4B38-B520-D74BEE5475B9}.Release|x86.ActiveCfg = Release|Any CPU
		{592E0D5A-D3D3-4B38-B520-D74BEE5475B9}.Release|x86.Build.0 = Release|Any CPU
		{EA9695E6-FB6F-439C-B359-EF185D7688BA}.Debug|Any CPU.ActiveCfg = Debug|Any CPU
		{EA9695E6-FB6F-439C-B359-EF185D7688BA}.Debug|Any CPU.Build.0 = Debug|Any CPU
		{EA9695E6-FB6F-439C-B359-EF185D7688BA}.Debug|x64.ActiveCfg = Debug|Any CPU
		{EA9695E6-FB6F-439C-B359-EF185D7688BA}.Debug|x64.Build.0 = Debug|Any CPU
		{EA9695E6-FB6F-439C-B359-EF185D7688BA}.Debug|x86.ActiveCfg = Debug|Any CPU
		{EA9695E6-FB6F-439C-B359-EF185D7688BA}.Debug|x86.Build.0 = Debug|Any CPU
		{EA9695E6-FB6F-439C-B359-EF185D7688BA}.Release|Any CPU.ActiveCfg = Release|Any CPU
		{EA9695E6-FB6F-439C-B359-EF185D7688BA}.Release|Any CPU.Build.0 = Release|Any CPU
		{EA9695E6-FB6F-439C-B359-EF185D7688BA}.Release|x64.ActiveCfg = Release|Any CPU
		{EA9695E6-FB6F-439C-B359-EF185D7688BA}.Release|x64.Build.0 = Release|Any CPU
		{EA9695E6-FB6F-439C-B359-EF185D7688BA}.Release|x86.ActiveCfg = Release|Any CPU
		{EA9695E6-FB6F-439C-B359-EF185D7688BA}.Release|x86.Build.0 = Release|Any CPU
	EndGlobalSection
	GlobalSection(SolutionProperties) = preSolution
		HideSolutionNode = FALSE
	EndGlobalSection
	GlobalSection(NestedProjects) = preSolution
		{307BFE59-BD77-4004-83B9-1F2EBE969B1B} = {827E0CD3-B72D-47B6-A68D-7590B98EB39B}
		{267BCAD3-2992-410E-8BFA-ED699C88AF62} = {827E0CD3-B72D-47B6-A68D-7590B98EB39B}
		{30D412B9-2190-4697-ABD3-948EFD9CE58B} = {827E0CD3-B72D-47B6-A68D-7590B98EB39B}
		{D9D63A40-7994-4DA4-A6F8-C025BC11F48B} = {827E0CD3-B72D-47B6-A68D-7590B98EB39B}
		{592E0D5A-D3D3-4B38-B520-D74BEE5475B9} = {0AB3BF05-4346-4AA6-1389-037BE0695223}
		{EA9695E6-FB6F-439C-B359-EF185D7688BA} = {0AB3BF05-4346-4AA6-1389-037BE0695223}
	EndGlobalSection
EndGlobal
